{
    "_readme": [
        "This file locks the dependencies of your project to a known state",
        "Read more about it at https://getcomposer.org/doc/01-basic-usage.md#installing-dependencies",
        "This file is @generated automatically"
    ],
    "content-hash": "6ed8ac2944eafac378736d5aff92f0c2",
    "packages": [
        {
            "name": "payplus-gateway/payplus-api",
            "version": "1.1.1",
            "source": {
                "type": "git",
                "url": "https://github.com/PayplusPayment/php-api.git",
                "reference": "63903fd54b6ee50c3274c40667403bd0703ab8d3"
            },
            "dist": {
                "type": "zip",
                "url": "https://api.github.com/repos/PayplusPayment/php-api/zipball/63903fd54b6ee50c3274c40667403bd0703ab8d3",
                "reference": "63903fd54b6ee50c3274c40667403bd0703ab8d3",
                "shasum": ""
            },
            "type": "library",
            "autoload": {
                "psr-4": {
                    "PayplusGateway\\PayplusApi\\": "src/"
                }
            },
            "notification-url": "https://packagist.org/downloads/",
            "license": [
                "OSL-3.0",
                "AFL-3.0"
            ],
            "authors": [
                {
                    "name": "Zev work",
                    "email": "zev@wittix.com"
                }
            ],
            "support": {
                "issues": "https://github.com/PayplusPayment/php-api/issues",
                "source": "https://github.com/PayplusPayment/php-api/tree/1.1.1"
            },
            "time": "2021-12-27T04:17:14+00:00"
        }
    ],
    "packages-dev": [],
    "aliases": [],
    "minimum-stability": "stable",
    "stability-flags": [],
    "prefer-stable": false,
    "prefer-lowest": false,
    "platform": [],
    "platform-dev": [],
    "plugin-api-version": "2.1.0"
}
